# This file is automatically @generated by Cargo.
# It is not intended for manual editing.
version = 4

[[package]]
name = "cage-testkit"
version = "0.3.0"

[[package]]
name = "cargo-cage"
version = "0.3.0"
dependencies = [
 "cage-testkit",
 "cargo-cage-cargo",
 "cargo-cage-core",
 "cargo-cage-linux",
]

[[package]]
name = "cargo-cage-cargo"
version = "0.3.0"
dependencies = [
 "cargo-cage-core",
]

[[package]]
name = "cargo-cage-core"
version = "0.3.0"

[[package]]
name = "cargo-cage-linux"
version = "0.3.0"
dependencies = [
 "cargo-cage-core",
]
